
Microsoft Visual Studio Solution File, Format Version 12.00
# Visual Studio 15
VisualStudioVersion = 15.0.26730.16
MinimumVisualStudioVersion = 10.0.40219.1
Project("{FAE04EC0-301F-11D3-BF4B-00C04F79EFBC}") = "Hello", "Hello\Hello.csproj", "{8AA1B184-CD16-4311-85A2-F844A4104070}"
EndProject
Global
	GlobalSection(SolutionConfigurationPlatforms) = preSolution
		Debug|Any CPU = Debug|Any CPU
		Release|Any CPU = Release|Any CPU
	EndGlobalSection
	GlobalSection(ProjectConfigurationPlatforms) = postSolution
		{8AA1B184-CD16-4311-85A2-F844A4104070}.Debug|Any CPU.ActiveCfg = Debug|Any CPU
		{8AA1B184-CD16-4311-85A2-F844A4104070}.Debug|Any CPU.Build.0 = Debug|Any CPU
		{8AA1B184-CD16-4311-85A2-F844A4104070}.Release|Any CPU.ActiveCfg = Release|Any CPU
		{8AA1B184-CD16-4311-85A2-F844A4104070}.Release|Any CPU.Build.0 = Release|Any CPU
	EndGlobalSection
	GlobalSection(SolutionProperties) = preSolution
		HideSolutionNode = FALSE
	EndGlobalSection
	GlobalSection(ExtensibilityGlobals) = postSolution
		SolutionGuid = {8F8ADC3E-0AE9-4B45-AF66-C153E5E9AA6A}
	EndGlobalSection
EndGlobal
